// !$*UTF8*$!
{
	archiveVersion = 1;
	classes = {
	};
	objectVersion = 56;
	objects = {

/* Begin PBXBuildFile section */
		DE3AF8562B5D577300683B88 /* AppDelegate.swift in Sources */ = {isa = PBXBuildFile; fileRef = DE3AF8552B5D577300683B88 /* AppDelegate.swift */; };
		DE3AF8582B5D577300683B88 /* SceneDelegate.swift in Sources */ = {isa = PBXBuildFile; fileRef = DE3AF8572B5D577300683B88 /* SceneDelegate.swift */; };
		DE3AF85A2B5D577300683B88 /* ViewController.swift in Sources */ = {isa = PBXBuildFile; fileRef = DE3AF8592B5D577300683B88 /* ViewController.swift */; };
		DE3AF85D2B5D577300683B88 /* Main.storyboard in Resources */ = {isa = PBXBuildFile; fileRef = DE3AF85B2B5D577300683B88 /* Main.storyboard */; };
		DE3AF85F2B5D577500683B88 /* Assets.xcassets in Resources */ = {isa = PBXBuildFile; fileRef = DE3AF85E2B5D577500683B88 /* Assets.xcassets */; };
		DE3AF8622B5D577500683B88 /* LaunchScreen.storyboard in Resources */ = {isa = PBXBuildFile; fileRef = DE3AF8602B5D577500683B88 /* LaunchScreen.storyboard */; };
		DEDF1D012B5D58F1006C46EA /* AutoSizeCollectionViewCell.swift in Sources */ = {isa = PBXBuildFile; fileRef = DEDF1D002B5D58F1006C46EA /* AutoSizeCollectionViewCell.swift */; };
		DEDF1D042B5D60F1006C46EA /* AutoSizeViewModel.swift in Sources */ = {isa = PBXBuildFile; fileRef = DEDF1D032B5D60F1006C46EA /* AutoSizeViewModel.swift */; };
/* End PBXBuildFile section */

/* Begin PBXFileReference section */
		DE3AF8522B5D577300683B88 /* AutoSizeCollectionView.app */ = {isa = PBXFileReference; explicitFileType = wrapper.application; includeInIndex = 0; path = AutoSizeCollectionView.app; sourceTree = BUILT_PRODUCTS_DIR; };
		DE3AF8552B5D577300683B88 /* AppDelegate.swift */ = {isa = PBXFileReference; lastKnownFileType = sourcecode.swift; path = AppDelegate.swift; sourceTree = "<group>"; };
		DE3AF8572B5D577300683B88 /* SceneDelegate.swift */ = {isa = PBXFileReference; lastKnownFileType = sourcecode.swift; path = SceneDelegate.swift; sourceTree = "<group>"; };
		DE3AF8592B5D577300683B88 /* ViewController.swift */ = {isa = PBXFileReference; indentWidth = 4; lastKnownFileType = sourcecode.swift; path = ViewController.swift; sourceTree = "<group>"; tabWidth = 4; };
		DE3AF85C2B5D577300683B88 /* Base */ = {isa = PBXFileReference; lastKnownFileType = file.storyboard; name = Base; path = Base.lproj/Main.storyboard; sourceTree = "<group>"; };
		DE3AF85E2B5D577500683B88 /* Assets.xcassets */ = {isa = PBXFileReference; lastKnownFileType = folder.assetcatalog; path = Assets.xcassets; sourceTree = "<group>"; };
		DE3AF8612B5D577500683B88 /* Base */ = {isa = PBXFileReference; lastKnownFileType = file.storyboard; name = Base; path = Base.lproj/LaunchScreen.storyboard; sourceTree = "<group>"; };
		DE3AF8632B5D577500683B88 /* Info.plist */ = {isa = PBXFileReference; lastKnownFileType = text.plist.xml; path = Info.plist; sourceTree = "<group>"; };
		DEDF1D002B5D58F1006C46EA /* AutoSizeCollectionViewCell.swift */ = {isa = PBXFileReference; lastKnownFileType = sourcecode.swift; path = AutoSizeCollectionViewCell.swift; sourceTree = "<group>"; };
		DEDF1D032B5D60F1006C46EA /* AutoSizeViewModel.swift */ = {isa = PBXFileReference; lastKnownFileType = sourcecode.swift; path = AutoSizeViewModel.swift; sourceTree = "<group>"; };
/* End PBXFileReference section */

/* Begin PBXFrameworksBuildPhase section */
		DE3AF84F2B5D577300683B88 /* Frameworks */ = {
			isa = PBXFrameworksBuildPhase;
			buildActionMask = 2147483647;
			files = (
			);
			runOnlyForDeploymentPostprocessing = 0;
		};
/* End PBXFrameworksBuildPhase section */

/* Begin PBXGroup section */
		DE3AF8492B5D577300683B88 = {
			isa = PBXGroup;
			children = (
				DE3AF8542B5D577300683B88 /* AutoSizeCollectionView */,
				DE3AF8532B5D577300683B88 /* Products */,
			);
			sourceTree = "<group>";
		};
		DE3AF8532B5D577300683B88 /* Products */ = {
			isa = PBXGroup;
			children = (
				DE3AF8522B5D577300683B88 /* AutoSizeCollectionView.app */,
			);
			name = Products;
			sourceTree = "<group>";
		};
		DE3AF8542B5D577300683B88 /* AutoSizeCollectionView */ = {
			isa = PBXGroup;
			children = (
				DE3AF86C2B5D579200683B88 /* AppConfig */,
				DE3AF86A2B5D578200683B88 /* Controller */,
				DE3AF8692B5D577C00683B88 /* View */,
				DEDF1D022B5D60C4006C46EA /* ViewModel */,
				DE3AF86B2B5D578900683B88 /* Resources */,
				DE3AF8632B5D577500683B88 /* Info.plist */,
			);
			path = AutoSizeCollectionView;
			sourceTree = "<group>";
		};
		DE3AF8692B5D577C00683B88 /* View */ = {
			isa = PBXGroup;
			children = (
				DE3AF86E2B5D57CD00683B88 /* CustomCells */,
				DE3AF86D2B5D57C300683B88 /* Xibs */,
			);
			path = View;
			sourceTree = "<group>";
		};
		DE3AF86A2B5D578200683B88 /* Controller */ = {
			isa = PBXGroup;
			children = (
				DE3AF8592B5D577300683B88 /* ViewController.swift */,
			);
			path = Controller;
			sourceTree = "<group>";
		};
		DE3AF86B2B5D578900683B88 /* Resources */ = {
			isa = PBXGroup;
			children = (
				DE3AF85E2B5D577500683B88 /* Assets.xcassets */,
			);
			path = Resources;
			sourceTree = "<group>";
		};
		DE3AF86C2B5D579200683B88 /* AppConfig */ = {
			isa = PBXGroup;
			children = (
				DE3AF8552B5D577300683B88 /* AppDelegate.swift */,
				DE3AF8572B5D577300683B88 /* SceneDelegate.swift */,
			);
			path = AppConfig;
			sourceTree = "<group>";
		};
		DE3AF86D2B5D57C300683B88 /* Xibs */ = {
			isa = PBXGroup;
			children = (
				DE3AF8602B5D577500683B88 /* LaunchScreen.storyboard */,
				DE3AF85B2B5D577300683B88 /* Main.storyboard */,
			);
			path = Xibs;
			sourceTree = "<group>";
		};
		DE3AF86E2B5D57CD00683B88 /* CustomCells */ = {
			isa = PBXGroup;
			children = (
				DEDF1D002B5D58F1006C46EA /* AutoSizeCollectionViewCell.swift */,
			);
			path = CustomCells;
			sourceTree = "<group>";
		};
		DEDF1D022B5D60C4006C46EA /* ViewModel */ = {
			isa = PBXGroup;
			children = (
				DEDF1D032B5D60F1006C46EA /* AutoSizeViewModel.swift */,
			);
			path = ViewModel;
			sourceTree = "<group>";
		};
/* End PBXGroup section */

/* Begin PBXNativeTarget section */
		DE3AF8512B5D577300683B88 /* AutoSizeCollectionView */ = {
			isa = PBXNativeTarget;
			buildConfigurationList = DE3AF8662B5D577500683B88 /* Build configuration list for PBXNativeTarget "AutoSizeCollectionView" */;
			buildPhases = (
				DE3AF84E2B5D577300683B88 /* Sources */,
				DE3AF84F2B5D577300683B88 /* Frameworks */,
				DE3AF8502B5D577300683B88 /* Resources */,
				DE8E5EA62B5D6CC100AEE732 /* ShellScript */,
			);
			buildRules = (
			);
			dependencies = (
			);
			name = AutoSizeCollectionView;
			productName = AutoSizeCollectionView;
			productReference = DE3AF8522B5D577300683B88 /* AutoSizeCollectionView.app */;
			productType = "com.apple.product-type.application";
		};
/* End PBXNativeTarget section */

/* Begin PBXProject section */
		DE3AF84A2B5D577300683B88 /* Project object */ = {
			isa = PBXProject;
			attributes = {
				BuildIndependentTargetsInParallel = 1;
				LastSwiftUpdateCheck = 1520;
				LastUpgradeCheck = 1520;
				TargetAttributes = {
					DE3AF8512B5D577300683B88 = {
						CreatedOnToolsVersion = 15.2;
					};
				};
			};
			buildConfigurationList = DE3AF84D2B5D577300683B88 /* Build configuration list for PBXProject "AutoSizeCollectionView" */;
			compatibilityVersion = "Xcode 14.0";
			developmentRegion = en;
			hasScannedForEncodings = 0;
			knownRegions = (
				en,
				Base,
			);
			mainGroup = DE3AF8492B5D577300683B88;
			productRefGroup = DE3AF8532B5D577300683B88 /* Products */;
			projectDirPath = "";
			projectRoot = "";
			targets = (
				DE3AF8512B5D577300683B88 /* AutoSizeCollectionView */,
			);
		};
/* End PBXProject section */

/* Begin PBXResourcesBuildPhase section */
		DE3AF8502B5D577300683B88 /* Resources */ = {
			isa = PBXResourcesBuildPhase;
			buildActionMask = 2147483647;
			files = (
				DE3AF8622B5D577500683B88 /* LaunchScreen.storyboard in Resources */,
				DE3AF85F2B5D577500683B88 /* Assets.xcassets in Resources */,
				DE3AF85D2B5D577300683B88 /* Main.storyboard in Resources */,
			);
			runOnlyForDeploymentPostprocessing = 0;
		};
/* End PBXResourcesBuildPhase section */

/* Begin PBXShellScriptBuildPhase section */
		DE8E5EA62B5D6CC100AEE732 /* ShellScript */ = {
			isa = PBXShellScriptBuildPhase;
			buildActionMask = 2147483647;
			files = (
			);
			inputFileListPaths = (
			);
			inputPaths = (
			);
			outputFileListPaths = (
			);
			outputPaths = (
			);
			runOnlyForDeploymentPostprocessing = 0;
			shellPath = /bin/sh;
			shellScript = "# Type a script or drag a script file from your workspace to insert its path.\nif [[ \"$(uname -m)\" == arm64 ]]; then\n    export PATH=\"/opt/homebrew/bin:$PATH\"\nfi\n\nif which swiftlint > /dev/null; then\n  swiftlint\nelse\n  echo \"warning: SwiftLint not installed, download from https://github.com/realm/SwiftLint\"\nfi\n";
		};
/* End PBXShellScriptBuildPhase section */

/* Begin PBXSourcesBuildPhase section */
		DE3AF84E2B5D577300683B88 /* Sources */ = {
			isa = PBXSourcesBuildPhase;
			buildActionMask = 2147483647;
			files = (
				DEDF1D012B5D58F1006C46EA /* AutoSizeCollectionViewCell.swift in Sources */,
				DE3AF85A2B5D577300683B88 /* ViewController.swift in Sources */,
				DEDF1D042B5D60F1006C46EA /* AutoSizeViewModel.swift in Sources */,
				DE3AF8562B5D577300683B88 /* AppDelegate.swift in Sources */,
				DE3AF8582B5D577300683B88 /* SceneDelegate.swift in Sources */,
			);
			runOnlyForDeploymentPostprocessing = 0;
		};
/* End PBXSourcesBuildPhase section */

/* Begin PBXVariantGroup section */
		DE3AF85B2B5D577300683B88 /* Main.storyboard */ = {
			isa = PBXVariantGroup;
			children = (
				DE3AF85C2B5D577300683B88 /* Base */,
			);
			name = Main.storyboard;
			sourceTree = "<group>";
		};
		DE3AF8602B5D577500683B88 /* LaunchScreen.storyboard */ = {
			isa = PBXVariantGroup;
			children = (
				DE3AF8612B5D577500683B88 /* Base */,
			);
			name = LaunchScreen.storyboard;
			sourceTree = "<group>";
		};
/* End PBXVariantGroup section */

/* Begin XCBuildConfiguration section */
		DE3AF8642B5D577500683B88 /* Debug */ = {
			isa = XCBuildConfiguration;
			buildSettings = {
				ALWAYS_SEARCH_USER_PATHS = NO;
				ASSETCATALOG_COMPILER_GENERATE_SWIFT_ASSET_SYMBOL_EXTENSIONS = YES;
				CLANG_ANALYZER_NONNULL = YES;
				CLANG_ANALYZER_NUMBER_OBJECT_CONVERSION = YES_AGGRESSIVE;
				CLANG_CXX_LANGUAGE_STANDARD = "gnu++20";
				CLANG_ENABLE_MODULES = YES;
				CLANG_ENABLE_OBJC_ARC = YES;
				CLANG_ENABLE_OBJC_WEAK = YES;
				CLANG_WARN_BLOCK_CAPTURE_AUTORELEASING = YES;
				CLANG_WARN_BOOL_CONVERSION = YES;
				CLANG_WARN_COMMA = YES;
				CLANG_WARN_CONSTANT_CONVERSION = YES;
				CLANG_WARN_DEPRECATED_OBJC_IMPLEMENTATIONS = YES;
				CLANG_WARN_DIRECT_OBJC_ISA_USAGE = YES_ERROR;
				CLANG_WARN_DOCUMENTATION_COMMENTS = YES;
				CLANG_WARN_EMPTY_BODY = YES;
				CLANG_WARN_ENUM_CONVERSION = YES;
				CLANG_WARN_INFINITE_RECURSION = YES;
				CLANG_WARN_INT_CONVERSION = YES;
				CLANG_WARN_NON_LITERAL_NULL_CONVERSION = YES;
				CLANG_WARN_OBJC_IMPLICIT_RETAIN_SELF = YES;
				CLANG_WARN_OBJC_LITERAL_CONVERSION = YES;
				CLANG_WARN_OBJC_ROOT_CLASS = YES_ERROR;
				CLANG_WARN_QUOTED_INCLUDE_IN_FRAMEWORK_HEADER = YES;
				CLANG_WARN_RANGE_LOOP_ANALYSIS = YES;
				CLANG_WARN_STRICT_PROTOTYPES = YES;
				CLANG_WARN_SUSPICIOUS_MOVE = YES;
				CLANG_WARN_UNGUARDED_AVAILABILITY = YES_AGGRESSIVE;
				CLANG_WARN_UNREACHABLE_CODE = YES;
				CLANG_WARN__DUPLICATE_METHOD_MATCH = YES;
				COPY_PHASE_STRIP = NO;
				DEBUG_INFORMATION_FORMAT = dwarf;
				ENABLE_STRICT_OBJC_MSGSEND = YES;
				ENABLE_TESTABILITY = YES;
				ENABLE_USER_SCRIPT_SANDBOXING = YES;
				GCC_C_LANGUAGE_STANDARD = gnu17;
				GCC_DYNAMIC_NO_PIC = NO;
				GCC_NO_COMMON_BLOCKS = YES;
				GCC_OPTIMIZATION_LEVEL = 0;
				GCC_PREPROCESSOR_DEFINITIONS = (
					"DEBUG=1",
					"$(inherited)",
				);
				GCC_WARN_64_TO_32_BIT_CONVERSION = YES;
				GCC_WARN_ABOUT_RETURN_TYPE = YES_ERROR;
				GCC_WARN_UNDECLARED_SELECTOR = YES;
				GCC_WARN_UNINITIALIZED_AUTOS = YES_AGGRESSIVE;
				GCC_WARN_UNUSED_FUNCTION = YES;
				GCC_WARN_UNUSED_VARIABLE = YES;
				IPHONEOS_DEPLOYMENT_TARGET = 17.2;
				LOCALIZATION_PREFERS_STRING_CATALOGS = YES;
				MTL_ENABLE_DEBUG_INFO = INCLUDE_SOURCE;
				MTL_FAST_MATH = YES;
				ONLY_ACTIVE_ARCH = YES;
				SDKROOT = iphoneos;
				SWIFT_ACTIVE_COMPILATION_CONDITIONS = "DEBUG $(inherited)";
				SWIFT_OPTIMIZATION_LEVEL = "-Onone";
			};
			name = Debug;
		};
		DE3AF8652B5D577500683B88 /* Release */ = {
			isa = XCBuildConfiguration;
			buildSettings = {
				ALWAYS_SEARCH_USER_PATHS = NO;
				ASSETCATALOG_COMPILER_GENERATE_SWIFT_ASSET_SYMBOL_EXTENSIONS = YES;
				CLANG_ANALYZER_NONNULL = YES;
				CLANG_ANALYZER_NUMBER_OBJECT_CONVERSION = YES_AGGRESSIVE;
				CLANG_CXX_LANGUAGE_STANDARD = "gnu++20";
				CLANG_ENABLE_MODULES = YES;
				CLANG_ENABLE_OBJC_ARC = YES;
				CLANG_ENABLE_OBJC_WEAK = YES;
				CLANG_WARN_BLOCK_CAPTURE_AUTORELEASING = YES;
				CLANG_WARN_BOOL_CONVERSION = YES;
				CLANG_WARN_COMMA = YES;
				CLANG_WARN_CONSTANT_CONVERSION = YES;
				CLANG_WARN_DEPRECATED_OBJC_IMPLEMENTATIONS = YES;
				CLANG_WARN_DIRECT_OBJC_ISA_USAGE = YES_ERROR;
				CLANG_WARN_DOCUMENTATION_COMMENTS = YES;
				CLANG_WARN_EMPTY_BODY = YES;
				CLANG_WARN_ENUM_CONVERSION = YES;
				CLANG_WARN_INFINITE_RECURSION = YES;
				CLANG_WARN_INT_CONVERSION = YES;
				CLANG_WARN_NON_LITERAL_NULL_CONVERSION = YES;
				CLANG_WARN_OBJC_IMPLICIT_RETAIN_SELF = YES;
				CLANG_WARN_OBJC_LITERAL_CONVERSION = YES;
				CLANG_WARN_OBJC_ROOT_CLASS = YES_ERROR;
				CLANG_WARN_QUOTED_INCLUDE_IN_FRAMEWORK_HEADER = YES;
				CLANG_WARN_RANGE_LOOP_ANALYSIS = YES;
				CLANG_WARN_STRICT_PROTOTYPES = YES;
				CLANG_WARN_SUSPICIOUS_MOVE = YES;
				CLANG_WARN_UNGUARDED_AVAILABILITY = YES_AGGRESSIVE;
				CLANG_WARN_UNREACHABLE_CODE = YES;
				CLANG_WARN__DUPLICATE_METHOD_MATCH = YES;
				COPY_PHASE_STRIP = NO;
				DEBUG_INFORMATION_FORMAT = "dwarf-with-dsym";
				ENABLE_NS_ASSERTIONS = NO;
				ENABLE_STRICT_OBJC_MSGSEND = YES;
				ENABLE_USER_SCRIPT_SANDBOXING = YES;
				GCC_C_LANGUAGE_STANDARD = gnu17;
				GCC_NO_COMMON_BLOCKS = YES;
				GCC_WARN_64_TO_32_BIT_CONVERSION = YES;
				GCC_WARN_ABOUT_RETURN_TYPE = YES_ERROR;
				GCC_WARN_UNDECLARED_SELECTOR = YES;
				GCC_WARN_UNINITIALIZED_AUTOS = YES_AGGRESSIVE;
				GCC_WARN_UNUSED_FUNCTION = YES;
				GCC_WARN_UNUSED_VARIABLE = YES;
				IPHONEOS_DEPLOYMENT_TARGET = 17.2;
				LOCALIZATION_PREFERS_STRING_CATALOGS = YES;
				MTL_ENABLE_DEBUG_INFO = NO;
				MTL_FAST_MATH = YES;
				SDKROOT = iphoneos;
				SWIFT_COMPILATION_MODE = wholemodule;
				VALIDATE_PRODUCT = YES;
			};
			name = Release;
		};
		DE3AF8672B5D577500683B88 /* Debug */ = {
			isa = XCBuildConfiguration;
			buildSettings = {
				ASSETCATALOG_COMPILER_APPICON_NAME = AppIcon;
				ASSETCATALOG_COMPILER_GLOBAL_ACCENT_COLOR_NAME = AccentColor;
				CODE_SIGN_STYLE = Automatic;
				CURRENT_PROJECT_VERSION = 1;
				DEVELOPMENT_TEAM = WD28M49YQQ;
				ENABLE_USER_SCRIPT_SANDBOXING = NO;
				GENERATE_INFOPLIST_FILE = YES;
				INFOPLIST_FILE = AutoSizeCollectionView/Info.plist;
				INFOPLIST_KEY_UIApplicationSupportsIndirectInputEvents = YES;
				INFOPLIST_KEY_UILaunchStoryboardName = LaunchScreen;
				INFOPLIST_KEY_UIMainStoryboardFile = Main;
				INFOPLIST_KEY_UISupportedInterfaceOrientations_iPad = "UIInterfaceOrientationPortrait UIInterfaceOrientationPortraitUpsideDown UIInterfaceOrientationLandscapeLeft UIInterfaceOrientationLandscapeRight";
				INFOPLIST_KEY_UISupportedInterfaceOrientations_iPhone = "UIInterfaceOrientationPortrait UIInterfaceOrientationLandscapeLeft UIInterfaceOrientationLandscapeRight";
				LD_RUNPATH_SEARCH_PATHS = (
					"$(inherited)",
					"@executable_path/Frameworks",
				);
				MARKETING_VERSION = 1.0;
				PRODUCT_BUNDLE_IDENTIFIER = com.ArjunMohan.AutoSizeCollectionView;
				PRODUCT_NAME = "$(TARGET_NAME)";
				SWIFT_EMIT_LOC_STRINGS = YES;
				SWIFT_VERSION = 5.0;
				TARGETED_DEVICE_FAMILY = "1,2";
			};
			name = Debug;
		};
		DE3AF8682B5D577500683B88 /* Release */ = {
			isa = XCBuildConfiguration;
			buildSettings = {
				ASSETCATALOG_COMPILER_APPICON_NAME = AppIcon;
				ASSETCATALOG_COMPILER_GLOBAL_ACCENT_COLOR_NAME = AccentColor;
				CODE_SIGN_STYLE = Automatic;
				CURRENT_PROJECT_VERSION = 1;
				DEVELOPMENT_TEAM = WD28M49YQQ;
				ENABLE_USER_SCRIPT_SANDBOXING = NO;
				GENERATE_INFOPLIST_FILE = YES;
				INFOPLIST_FILE = AutoSizeCollectionView/Info.plist;
				INFOPLIST_KEY_UIApplicationSupportsIndirectInputEvents = YES;
				INFOPLIST_KEY_UILaunchStoryboardName = LaunchScreen;
				INFOPLIST_KEY_UIMainStoryboardFile = Main;
				INFOPLIST_KEY_UISupportedInterfaceOrientations_iPad = "UIInterfaceOrientationPortrait UIInterfaceOrientationPortraitUpsideDown UIInterfaceOrientationLandscapeLeft UIInterfaceOrientationLandscapeRight";
				INFOPLIST_KEY_UISupportedInterfaceOrientations_iPhone = "UIInterfaceOrientationPortrait UIInterfaceOrientationLandscapeLeft UIInterfaceOrientationLandscapeRight";
				LD_RUNPATH_SEARCH_PATHS = (
					"$(inherited)",
					"@executable_path/Frameworks",
				);
				MARKETING_VERSION = 1.0;
				PRODUCT_BUNDLE_IDENTIFIER = com.ArjunMohan.AutoSizeCollectionView;
				PRODUCT_NAME = "$(TARGET_NAME)";
				SWIFT_EMIT_LOC_STRINGS = YES;
				SWIFT_VERSION = 5.0;
				TARGETED_DEVICE_FAMILY = "1,2";
			};
			name = Release;
		};
/* End XCBuildConfiguration section */

/* Begin XCConfigurationList section */
		DE3AF84D2B5D577300683B88 /* Build configuration list for PBXProject "AutoSizeCollectionView" */ = {
			isa = XCConfigurationList;
			buildConfigurations = (
				DE3AF8642B5D577500683B88 /* Debug */,
				DE3AF8652B5D577500683B88 /* Release */,
			);
			defaultConfigurationIsVisible = 0;
			defaultConfigurationName = Release;
		};
		DE3AF8662B5D577500683B88 /* Build configuration list for PBXNativeTarget "AutoSizeCollectionView" */ = {
			isa = XCConfigurationList;
			buildConfigurations = (
				DE3AF8672B5D577500683B88 /* Debug */,
				DE3AF8682B5D577500683B88 /* Release */,
			);
			defaultConfigurationIsVisible = 0;
			defaultConfigurationName = Release;
		};
/* End XCConfigurationList section */
	};
	rootObject = DE3AF84A2B5D577300683B88 /* Project object */;
}
